
Microsoft Visual Studio Solution File, Format Version 12.00
# Visual Studio Version 17
VisualStudioVersion = 17.7.34202.233
MinimumVisualStudioVersion = 10.0.40219.1
Project("{FAE04EC0-301F-11D3-BF4B-00C04F79EFBC}") = "Control_comidas", "Control_comidas\Control_comidas.csproj", "{542FAF86-35E3-469B-AD76-A60300582A97}"
EndProject
Global
	GlobalSection(SolutionConfigurationPlatforms) = preSolution
		Debug|Any CPU = Debug|Any CPU
		Release|Any CPU = Release|Any CPU
	EndGlobalSection
	GlobalSection(ProjectConfigurationPlatforms) = postSolution
		{542FAF86-35E3-469B-AD76-A60300582A97}.Debug|Any CPU.ActiveCfg = Debug|Any CPU
		{542FAF86-35E3-469B-AD76-A60300582A97}.Debug|Any CPU.Build.0 = Debug|Any CPU
		{542FAF86-35E3-469B-AD76-A60300582A97}.Release|Any CPU.ActiveCfg = Release|Any CPU
		{542FAF86-35E3-469B-AD76-A60300582A97}.Release|Any CPU.Build.0 = Release|Any CPU
	EndGlobalSection
	GlobalSection(SolutionProperties) = preSolution
		HideSolutionNode = FALSE
	EndGlobalSection
	GlobalSection(ExtensibilityGlobals) = postSolution
		SolutionGuid = {4129DFDF-B7B3-4CEE-9E26-57AAA800B41D}
	EndGlobalSection
EndGlobal
